
Microsoft Visual Studio Solution File, Format Version 12.00
# Visual Studio Version 17
VisualStudioVersion = 17.5.33424.131
MinimumVisualStudioVersion = 10.0.40219.1
Project("{FAE04EC0-301F-11D3-BF4B-00C04F79EFBC}") = "HWBookDB", "HWBookDB\HWBookDB.csproj", "{1AC129E0-DC47-404D-B594-FC36536B0C56}"
EndProject
Global
	GlobalSection(SolutionConfigurationPlatforms) = preSolution
		Debug|Any CPU = Debug|Any CPU
		Release|Any CPU = Release|Any CPU
	EndGlobalSection
	GlobalSection(ProjectConfigurationPlatforms) = postSolution
		{1AC129E0-DC47-404D-B594-FC36536B0C56}.Debug|Any CPU.ActiveCfg = Debug|Any CPU
		{1AC129E0-DC47-404D-B594-FC36536B0C56}.Debug|Any CPU.Build.0 = Debug|Any CPU
		{1AC129E0-DC47-404D-B594-FC36536B0C56}.Release|Any CPU.ActiveCfg = Release|Any CPU
		{1AC129E0-DC47-404D-B594-FC36536B0C56}.Release|Any CPU.Build.0 = Release|Any CPU
	EndGlobalSection
	GlobalSection(SolutionProperties) = preSolution
		HideSolutionNode = FALSE
	EndGlobalSection
	GlobalSection(ExtensibilityGlobals) = postSolution
		SolutionGuid = {507A0660-912B-4314-AAA9-7DE6B235A6B7}
	EndGlobalSection
EndGlobal
